
Microsoft Visual Studio Solution File, Format Version 12.00
Project("{2150E333-8FDC-42A3-9474-1A3956D46DE8}") = "src", "src", "{E633CACD-8296-4A0E-BBCC-3698CE91A889}"
EndProject
Project("{2150E333-8FDC-42A3-9474-1A3956D46DE8}") = "examples", "examples", "{26CCDFC1-8335-4936-990A-CF7D2F076031}"
EndProject
Project("{FAE04EC0-301F-11D3-BF4B-00C04F79EFBC}") = "Micro.CQRS.Abstractions", "src\Micro.CQRS.Abstractions\Micro.CQRS.Abstractions.csproj", "{5CFBD38C-CC75-4AD7-BBBE-72ED549F3DE5}"
EndProject
Project("{FAE04EC0-301F-11D3-BF4B-00C04F79EFBC}") = "Micro.CQRS", "src\Micro.CQRS\Micro.CQRS.csproj", "{E4C8272B-DB74-4B05-A540-E85133E9628C}"
EndProject
Project("{FAE04EC0-301F-11D3-BF4B-00C04F79EFBC}") = "Micro.Common", "src\Micro.Common\Micro.Common.csproj", "{C640E31F-BD53-4913-B539-22A04B28B0C9}"
EndProject
Project("{FAE04EC0-301F-11D3-BF4B-00C04F79EFBC}") = "Micro.Domain", "src\Micro.Domain\Micro.Domain.csproj", "{89F4C8B8-6F20-4742-9AB2-F4F41A94AEAF}"
EndProject
Project("{FAE04EC0-301F-11D3-BF4B-00C04F79EFBC}") = "Micro.Domain.Abstractions", "src\Micro.Domain.Abstractions\Micro.Domain.Abstractions.csproj", "{F72BE27D-9A66-4795-BBA1-14494B8BD101}"
EndProject
Project("{FAE04EC0-301F-11D3-BF4B-00C04F79EFBC}") = "Micro.Contexts.Abstractions", "src\Micro.Contexts.Abstractions\Micro.Contexts.Abstractions.csproj", "{C9AA44C2-4B65-4BDC-A6DD-98A52EE9CA09}"
EndProject
Project("{FAE04EC0-301F-11D3-BF4B-00C04F79EFBC}") = "Micro.Contexts", "src\Micro.Contexts\Micro.Contexts.csproj", "{FBEC3BCD-C947-4F22-A8B8-3F8C2838E2EB}"
EndProject
Project("{FAE04EC0-301F-11D3-BF4B-00C04F79EFBC}") = "Micro.Observability.ApplicationInsights", "src\Micro.Observability.ApplicationInsights\Micro.Observability.ApplicationInsights.csproj", "{28FC9119-E71F-4D07-89DC-49231F780F22}"
EndProject
Project("{2150E333-8FDC-42A3-9474-1A3956D46DE8}") = "Simple", "Simple", "{2D84DE02-BC4B-4E0D-A3C0-BEB3CDC61876}"
EndProject
Project("{FAE04EC0-301F-11D3-BF4B-00C04F79EFBC}") = "Micro.Examples.Simple.Products", "examples\Simple\Micro.Examples.Simple.Products\Micro.Examples.Simple.Products.csproj", "{3FD19CA1-82FB-43C4-88AF-CA772475A35D}"
EndProject
Project("{FAE04EC0-301F-11D3-BF4B-00C04F79EFBC}") = "Micro.Examples.Simple.Notifications", "examples\Simple\Micro.Examples.Simple.Notifications\Micro.Examples.Simple.Notifications.csproj", "{EB415150-668A-48D8-85E9-DAFA811480DC}"
EndProject
Project("{FAE04EC0-301F-11D3-BF4B-00C04F79EFBC}") = "Micro.Examples.Simple.Gateway", "examples\Simple\Micro.Examples.Simple.Gateway\Micro.Examples.Simple.Gateway.csproj", "{AD10DEFF-1053-4130-95EF-D28304490D51}"
EndProject
Project("{FAE04EC0-301F-11D3-BF4B-00C04F79EFBC}") = "Micro.Persistence.SqlServer", "src\Micro.Persistence.SqlServer\Micro.Persistence.SqlServer.csproj", "{DA73B63D-A596-417A-939C-89D3C7A3F23F}"
EndProject
Project("{FAE04EC0-301F-11D3-BF4B-00C04F79EFBC}") = "Micro.Persistence.Abstractions", "src\Micro.Persistence.Abstractions\Micro.Persistence.Abstractions.csproj", "{625BC0DE-AB27-4208-BDDC-F8316E8F3D8E}"
EndProject
Project("{FAE04EC0-301F-11D3-BF4B-00C04F79EFBC}") = "Micro.API", "src\Micro.API\Micro.API.csproj", "{C28DD95A-EAB6-4162-B8EF-F46363753F07}"
EndProject
Project("{FAE04EC0-301F-11D3-BF4B-00C04F79EFBC}") = "Micro.Messaging.Abstractions", "src\Micro.Messaging.Abstractions\Micro.Messaging.Abstractions.csproj", "{62867D11-FB5E-4BBC-8785-3A134E68AAD0}"
EndProject
Project("{FAE04EC0-301F-11D3-BF4B-00C04F79EFBC}") = "Micro.Messaging.Azure.ServiceBus", "src\Micro.Messaging.Azure.ServiceBus\Micro.Messaging.Azure.ServiceBus.csproj", "{941E0891-D303-46A3-BEFF-E2E7085D45FA}"
EndProject
Project("{FAE04EC0-301F-11D3-BF4B-00C04F79EFBC}") = "Micro.Messaging.RabbitMQ", "src\Micro.Messaging.RabbitMQ\Micro.Messaging.RabbitMQ.csproj", "{6B15A9D8-07C6-4A9B-BECF-1A436934CE2B}"
EndProject
Global
	GlobalSection(SolutionConfigurationPlatforms) = preSolution
		Debug|Any CPU = Debug|Any CPU
		Release|Any CPU = Release|Any CPU
	EndGlobalSection
	GlobalSection(NestedProjects) = preSolution
		{5CFBD38C-CC75-4AD7-BBBE-72ED549F3DE5} = {E633CACD-8296-4A0E-BBCC-3698CE91A889}
		{E4C8272B-DB74-4B05-A540-E85133E9628C} = {E633CACD-8296-4A0E-BBCC-3698CE91A889}
		{C640E31F-BD53-4913-B539-22A04B28B0C9} = {E633CACD-8296-4A0E-BBCC-3698CE91A889}
		{89F4C8B8-6F20-4742-9AB2-F4F41A94AEAF} = {E633CACD-8296-4A0E-BBCC-3698CE91A889}
		{F72BE27D-9A66-4795-BBA1-14494B8BD101} = {E633CACD-8296-4A0E-BBCC-3698CE91A889}
		{C9AA44C2-4B65-4BDC-A6DD-98A52EE9CA09} = {E633CACD-8296-4A0E-BBCC-3698CE91A889}
		{FBEC3BCD-C947-4F22-A8B8-3F8C2838E2EB} = {E633CACD-8296-4A0E-BBCC-3698CE91A889}
		{28FC9119-E71F-4D07-89DC-49231F780F22} = {E633CACD-8296-4A0E-BBCC-3698CE91A889}
		{2D84DE02-BC4B-4E0D-A3C0-BEB3CDC61876} = {26CCDFC1-8335-4936-990A-CF7D2F076031}
		{3FD19CA1-82FB-43C4-88AF-CA772475A35D} = {2D84DE02-BC4B-4E0D-A3C0-BEB3CDC61876}
		{EB415150-668A-48D8-85E9-DAFA811480DC} = {2D84DE02-BC4B-4E0D-A3C0-BEB3CDC61876}
		{AD10DEFF-1053-4130-95EF-D28304490D51} = {2D84DE02-BC4B-4E0D-A3C0-BEB3CDC61876}
		{DA73B63D-A596-417A-939C-89D3C7A3F23F} = {E633CACD-8296-4A0E-BBCC-3698CE91A889}
		{625BC0DE-AB27-4208-BDDC-F8316E8F3D8E} = {E633CACD-8296-4A0E-BBCC-3698CE91A889}
		{C28DD95A-EAB6-4162-B8EF-F46363753F07} = {E633CACD-8296-4A0E-BBCC-3698CE91A889}
		{62867D11-FB5E-4BBC-8785-3A134E68AAD0} = {E633CACD-8296-4A0E-BBCC-3698CE91A889}
		{941E0891-D303-46A3-BEFF-E2E7085D45FA} = {E633CACD-8296-4A0E-BBCC-3698CE91A889}
		{6B15A9D8-07C6-4A9B-BECF-1A436934CE2B} = {E633CACD-8296-4A0E-BBCC-3698CE91A889}
	EndGlobalSection
	GlobalSection(ProjectConfigurationPlatforms) = postSolution
		{5CFBD38C-CC75-4AD7-BBBE-72ED549F3DE5}.Debug|Any CPU.ActiveCfg = Debug|Any CPU
		{5CFBD38C-CC75-4AD7-BBBE-72ED549F3DE5}.Debug|Any CPU.Build.0 = Debug|Any CPU
		{5CFBD38C-CC75-4AD7-BBBE-72ED549F3DE5}.Release|Any CPU.ActiveCfg = Release|Any CPU
		{5CFBD38C-CC75-4AD7-BBBE-72ED549F3DE5}.Release|Any CPU.Build.0 = Release|Any CPU
		{E4C8272B-DB74-4B05-A540-E85133E9628C}.Debug|Any CPU.ActiveCfg = Debug|Any CPU
		{E4C8272B-DB74-4B05-A540-E85133E9628C}.Debug|Any CPU.Build.0 = Debug|Any CPU
		{E4C8272B-DB74-4B05-A540-E85133E9628C}.Release|Any CPU.ActiveCfg = Release|Any CPU
		{E4C8272B-DB74-4B05-A540-E85133E9628C}.Release|Any CPU.Build.0 = Release|Any CPU
		{C640E31F-BD53-4913-B539-22A04B28B0C9}.Debug|Any CPU.ActiveCfg = Debug|Any CPU
		{C640E31F-BD53-4913-B539-22A04B28B0C9}.Debug|Any CPU.Build.0 = Debug|Any CPU
		{C640E31F-BD53-4913-B539-22A04B28B0C9}.Release|Any CPU.ActiveCfg = Release|Any CPU
		{C640E31F-BD53-4913-B539-22A04B28B0C9}.Release|Any CPU.Build.0 = Release|Any CPU
		{89F4C8B8-6F20-4742-9AB2-F4F41A94AEAF}.Debug|Any CPU.ActiveCfg = Debug|Any CPU
		{89F4C8B8-6F20-4742-9AB2-F4F41A94AEAF}.Debug|Any CPU.Build.0 = Debug|Any CPU
		{89F4C8B8-6F20-4742-9AB2-F4F41A94AEAF}.Release|Any CPU.ActiveCfg = Release|Any CPU
		{89F4C8B8-6F20-4742-9AB2-F4F41A94AEAF}.Release|Any CPU.Build.0 = Release|Any CPU
		{F72BE27D-9A66-4795-BBA1-14494B8BD101}.Debug|Any CPU.ActiveCfg = Debug|Any CPU
		{F72BE27D-9A66-4795-BBA1-14494B8BD101}.Debug|Any CPU.Build.0 = Debug|Any CPU
		{F72BE27D-9A66-4795-BBA1-14494B8BD101}.Release|Any CPU.ActiveCfg = Release|Any CPU
		{F72BE27D-9A66-4795-BBA1-14494B8BD101}.Release|Any CPU.Build.0 = Release|Any CPU
		{C9AA44C2-4B65-4BDC-A6DD-98A52EE9CA09}.Debug|Any CPU.ActiveCfg = Debug|Any CPU
		{C9AA44C2-4B65-4BDC-A6DD-98A52EE9CA09}.Debug|Any CPU.Build.0 = Debug|Any CPU
		{C9AA44C2-4B65-4BDC-A6DD-98A52EE9CA09}.Release|Any CPU.ActiveCfg = Release|Any CPU
		{C9AA44C2-4B65-4BDC-A6DD-98A52EE9CA09}.Release|Any CPU.Build.0 = Release|Any CPU
		{FBEC3BCD-C947-4F22-A8B8-3F8C2838E2EB}.Debug|Any CPU.ActiveCfg = Debug|Any CPU
		{FBEC3BCD-C947-4F22-A8B8-3F8C2838E2EB}.Debug|Any CPU.Build.0 = Debug|Any CPU
		{FBEC3BCD-C947-4F22-A8B8-3F8C2838E2EB}.Release|Any CPU.ActiveCfg = Release|Any CPU
		{FBEC3BCD-C947-4F22-A8B8-3F8C2838E2EB}.Release|Any CPU.Build.0 = Release|Any CPU
		{28FC9119-E71F-4D07-89DC-49231F780F22}.Debug|Any CPU.ActiveCfg = Debug|Any CPU
		{28FC9119-E71F-4D07-89DC-49231F780F22}.Debug|Any CPU.Build.0 = Debug|Any CPU
		{28FC9119-E71F-4D07-89DC-49231F780F22}.Release|Any CPU.ActiveCfg = Release|Any CPU
		{28FC9119-E71F-4D07-89DC-49231F780F22}.Release|Any CPU.Build.0 = Release|Any CPU
		{3FD19CA1-82FB-43C4-88AF-CA772475A35D}.Debug|Any CPU.ActiveCfg = Debug|Any CPU
		{3FD19CA1-82FB-43C4-88AF-CA772475A35D}.Debug|Any CPU.Build.0 = Debug|Any CPU
		{3FD19CA1-82FB-43C4-88AF-CA772475A35D}.Release|Any CPU.ActiveCfg = Release|Any CPU
		{3FD19CA1-82FB-43C4-88AF-CA772475A35D}.Release|Any CPU.Build.0 = Release|Any CPU
		{EB415150-668A-48D8-85E9-DAFA811480DC}.Debug|Any CPU.ActiveCfg = Debug|Any CPU
		{EB415150-668A-48D8-85E9-DAFA811480DC}.Debug|Any CPU.Build.0 = Debug|Any CPU
		{EB415150-668A-48D8-85E9-DAFA811480DC}.Release|Any CPU.ActiveCfg = Release|Any CPU
		{EB415150-668A-48D8-85E9-DAFA811480DC}.Release|Any CPU.Build.0 = Release|Any CPU
		{AD10DEFF-1053-4130-95EF-D28304490D51}.Debug|Any CPU.ActiveCfg = Debug|Any CPU
		{AD10DEFF-1053-4130-95EF-D28304490D51}.Debug|Any CPU.Build.0 = Debug|Any CPU
		{AD10DEFF-1053-4130-95EF-D28304490D51}.Release|Any CPU.ActiveCfg = Release|Any CPU
		{AD10DEFF-1053-4130-95EF-D28304490D51}.Release|Any CPU.Build.0 = Release|Any CPU
		{DA73B63D-A596-417A-939C-89D3C7A3F23F}.Debug|Any CPU.ActiveCfg = Debug|Any CPU
		{DA73B63D-A596-417A-939C-89D3C7A3F23F}.Debug|Any CPU.Build.0 = Debug|Any CPU
		{DA73B63D-A596-417A-939C-89D3C7A3F23F}.Release|Any CPU.ActiveCfg = Release|Any CPU
		{DA73B63D-A596-417A-939C-89D3C7A3F23F}.Release|Any CPU.Build.0 = Release|Any CPU
		{625BC0DE-AB27-4208-BDDC-F8316E8F3D8E}.Debug|Any CPU.ActiveCfg = Debug|Any CPU
		{625BC0DE-AB27-4208-BDDC-F8316E8F3D8E}.Debug|Any CPU.Build.0 = Debug|Any CPU
		{625BC0DE-AB27-4208-BDDC-F8316E8F3D8E}.Release|Any CPU.ActiveCfg = Release|Any CPU
		{625BC0DE-AB27-4208-BDDC-F8316E8F3D8E}.Release|Any CPU.Build.0 = Release|Any CPU
		{C28DD95A-EAB6-4162-B8EF-F46363753F07}.Debug|Any CPU.ActiveCfg = Debug|Any CPU
		{C28DD95A-EAB6-4162-B8EF-F46363753F07}.Debug|Any CPU.Build.0 = Debug|Any CPU
		{C28DD95A-EAB6-4162-B8EF-F46363753F07}.Release|Any CPU.ActiveCfg = Release|Any CPU
		{C28DD95A-EAB6-4162-B8EF-F46363753F07}.Release|Any CPU.Build.0 = Release|Any CPU
		{62867D11-FB5E-4BBC-8785-3A134E68AAD0}.Debug|Any CPU.ActiveCfg = Debug|Any CPU
		{62867D11-FB5E-4BBC-8785-3A134E68AAD0}.Debug|Any CPU.Build.0 = Debug|Any CPU
		{62867D11-FB5E-4BBC-8785-3A134E68AAD0}.Release|Any CPU.ActiveCfg = Release|Any CPU
		{62867D11-FB5E-4BBC-8785-3A134E68AAD0}.Release|Any CPU.Build.0 = Release|Any CPU
		{941E0891-D303-46A3-BEFF-E2E7085D45FA}.Debug|Any CPU.ActiveCfg = Debug|Any CPU
		{941E0891-D303-46A3-BEFF-E2E7085D45FA}.Debug|Any CPU.Build.0 = Debug|Any CPU
		{941E0891-D303-46A3-BEFF-E2E7085D45FA}.Release|Any CPU.ActiveCfg = Release|Any CPU
		{941E0891-D303-46A3-BEFF-E2E7085D45FA}.Release|Any CPU.Build.0 = Release|Any CPU
		{6B15A9D8-07C6-4A9B-BECF-1A436934CE2B}.Debug|Any CPU.ActiveCfg = Debug|Any CPU
		{6B15A9D8-07C6-4A9B-BECF-1A436934CE2B}.Debug|Any CPU.Build.0 = Debug|Any CPU
		{6B15A9D8-07C6-4A9B-BECF-1A436934CE2B}.Release|Any CPU.ActiveCfg = Release|Any CPU
		{6B15A9D8-07C6-4A9B-BECF-1A436934CE2B}.Release|Any CPU.Build.0 = Release|Any CPU
	EndGlobalSection
EndGlobal
