
Microsoft Visual Studio Solution File, Format Version 12.00
Project("{2150E333-8FDC-42A3-9474-1A3956D46DE8}") = "src", "src", "{E633CACD-8296-4A0E-BBCC-3698CE91A889}"
EndProject
Project("{2150E333-8FDC-42A3-9474-1A3956D46DE8}") = "examples", "examples", "{26CCDFC1-8335-4936-990A-CF7D2F076031}"
EndProject
Project("{FAE04EC0-301F-11D3-BF4B-00C04F79EFBC}") = "Micro.CQRS.Abstractions", "src\Micro.CQRS.Abstractions\Micro.CQRS.Abstractions.csproj", "{5CFBD38C-CC75-4AD7-BBBE-72ED549F3DE5}"
EndProject
Project("{FAE04EC0-301F-11D3-BF4B-00C04F79EFBC}") = "Micro.CQRS", "src\Micro.CQRS\Micro.CQRS.csproj", "{E4C8272B-DB74-4B05-A540-E85133E9628C}"
EndProject
Project("{FAE04EC0-301F-11D3-BF4B-00C04F79EFBC}") = "Micro.Common", "src\Micro.Common\Micro.Common.csproj", "{C640E31F-BD53-4913-B539-22A04B28B0C9}"
EndProject
Project("{FAE04EC0-301F-11D3-BF4B-00C04F79EFBC}") = "Micro.Common.Abstractions", "src\Micro.Common.Abstractions\Micro.Common.Abstractions.csproj", "{6A66EF61-B4F1-4D5B-B233-4156DB557F94}"
EndProject
Project("{FAE04EC0-301F-11D3-BF4B-00C04F79EFBC}") = "Micro.Domain", "src\Micro.Domain\Micro.Domain.csproj", "{89F4C8B8-6F20-4742-9AB2-F4F41A94AEAF}"
EndProject
Project("{FAE04EC0-301F-11D3-BF4B-00C04F79EFBC}") = "Micro.Domain.Abstractions", "src\Micro.Domain.Abstractions\Micro.Domain.Abstractions.csproj", "{F72BE27D-9A66-4795-BBA1-14494B8BD101}"
EndProject
Project("{FAE04EC0-301F-11D3-BF4B-00C04F79EFBC}") = "Micro.Contexts.Abstractions", "src\Micro.Contexts.Abstractions\Micro.Contexts.Abstractions.csproj", "{C9AA44C2-4B65-4BDC-A6DD-98A52EE9CA09}"
EndProject
Project("{FAE04EC0-301F-11D3-BF4B-00C04F79EFBC}") = "Micro.Contexts", "src\Micro.Contexts\Micro.Contexts.csproj", "{FBEC3BCD-C947-4F22-A8B8-3F8C2838E2EB}"
EndProject
Project("{FAE04EC0-301F-11D3-BF4B-00C04F79EFBC}") = "Micro.Observability.ApplicationInsights", "src\Micro.Observability.ApplicationInsights\Micro.Observability.ApplicationInsights.csproj", "{28FC9119-E71F-4D07-89DC-49231F780F22}"
EndProject
Global
	GlobalSection(SolutionConfigurationPlatforms) = preSolution
		Debug|Any CPU = Debug|Any CPU
		Release|Any CPU = Release|Any CPU
	EndGlobalSection
	GlobalSection(NestedProjects) = preSolution
		{5CFBD38C-CC75-4AD7-BBBE-72ED549F3DE5} = {E633CACD-8296-4A0E-BBCC-3698CE91A889}
		{E4C8272B-DB74-4B05-A540-E85133E9628C} = {E633CACD-8296-4A0E-BBCC-3698CE91A889}
		{C640E31F-BD53-4913-B539-22A04B28B0C9} = {E633CACD-8296-4A0E-BBCC-3698CE91A889}
		{6A66EF61-B4F1-4D5B-B233-4156DB557F94} = {E633CACD-8296-4A0E-BBCC-3698CE91A889}
		{89F4C8B8-6F20-4742-9AB2-F4F41A94AEAF} = {E633CACD-8296-4A0E-BBCC-3698CE91A889}
		{F72BE27D-9A66-4795-BBA1-14494B8BD101} = {E633CACD-8296-4A0E-BBCC-3698CE91A889}
		{C9AA44C2-4B65-4BDC-A6DD-98A52EE9CA09} = {E633CACD-8296-4A0E-BBCC-3698CE91A889}
		{FBEC3BCD-C947-4F22-A8B8-3F8C2838E2EB} = {E633CACD-8296-4A0E-BBCC-3698CE91A889}
		{28FC9119-E71F-4D07-89DC-49231F780F22} = {E633CACD-8296-4A0E-BBCC-3698CE91A889}
	EndGlobalSection
	GlobalSection(ProjectConfigurationPlatforms) = postSolution
		{5CFBD38C-CC75-4AD7-BBBE-72ED549F3DE5}.Debug|Any CPU.ActiveCfg = Debug|Any CPU
		{5CFBD38C-CC75-4AD7-BBBE-72ED549F3DE5}.Debug|Any CPU.Build.0 = Debug|Any CPU
		{5CFBD38C-CC75-4AD7-BBBE-72ED549F3DE5}.Release|Any CPU.ActiveCfg = Release|Any CPU
		{5CFBD38C-CC75-4AD7-BBBE-72ED549F3DE5}.Release|Any CPU.Build.0 = Release|Any CPU
		{E4C8272B-DB74-4B05-A540-E85133E9628C}.Debug|Any CPU.ActiveCfg = Debug|Any CPU
		{E4C8272B-DB74-4B05-A540-E85133E9628C}.Debug|Any CPU.Build.0 = Debug|Any CPU
		{E4C8272B-DB74-4B05-A540-E85133E9628C}.Release|Any CPU.ActiveCfg = Release|Any CPU
		{E4C8272B-DB74-4B05-A540-E85133E9628C}.Release|Any CPU.Build.0 = Release|Any CPU
		{C640E31F-BD53-4913-B539-22A04B28B0C9}.Debug|Any CPU.ActiveCfg = Debug|Any CPU
		{C640E31F-BD53-4913-B539-22A04B28B0C9}.Debug|Any CPU.Build.0 = Debug|Any CPU
		{C640E31F-BD53-4913-B539-22A04B28B0C9}.Release|Any CPU.ActiveCfg = Release|Any CPU
		{C640E31F-BD53-4913-B539-22A04B28B0C9}.Release|Any CPU.Build.0 = Release|Any CPU
		{6A66EF61-B4F1-4D5B-B233-4156DB557F94}.Debug|Any CPU.ActiveCfg = Debug|Any CPU
		{6A66EF61-B4F1-4D5B-B233-4156DB557F94}.Debug|Any CPU.Build.0 = Debug|Any CPU
		{6A66EF61-B4F1-4D5B-B233-4156DB557F94}.Release|Any CPU.ActiveCfg = Release|Any CPU
		{6A66EF61-B4F1-4D5B-B233-4156DB557F94}.Release|Any CPU.Build.0 = Release|Any CPU
		{89F4C8B8-6F20-4742-9AB2-F4F41A94AEAF}.Debug|Any CPU.ActiveCfg = Debug|Any CPU
		{89F4C8B8-6F20-4742-9AB2-F4F41A94AEAF}.Debug|Any CPU.Build.0 = Debug|Any CPU
		{89F4C8B8-6F20-4742-9AB2-F4F41A94AEAF}.Release|Any CPU.ActiveCfg = Release|Any CPU
		{89F4C8B8-6F20-4742-9AB2-F4F41A94AEAF}.Release|Any CPU.Build.0 = Release|Any CPU
		{F72BE27D-9A66-4795-BBA1-14494B8BD101}.Debug|Any CPU.ActiveCfg = Debug|Any CPU
		{F72BE27D-9A66-4795-BBA1-14494B8BD101}.Debug|Any CPU.Build.0 = Debug|Any CPU
		{F72BE27D-9A66-4795-BBA1-14494B8BD101}.Release|Any CPU.ActiveCfg = Release|Any CPU
		{F72BE27D-9A66-4795-BBA1-14494B8BD101}.Release|Any CPU.Build.0 = Release|Any CPU
		{C9AA44C2-4B65-4BDC-A6DD-98A52EE9CA09}.Debug|Any CPU.ActiveCfg = Debug|Any CPU
		{C9AA44C2-4B65-4BDC-A6DD-98A52EE9CA09}.Debug|Any CPU.Build.0 = Debug|Any CPU
		{C9AA44C2-4B65-4BDC-A6DD-98A52EE9CA09}.Release|Any CPU.ActiveCfg = Release|Any CPU
		{C9AA44C2-4B65-4BDC-A6DD-98A52EE9CA09}.Release|Any CPU.Build.0 = Release|Any CPU
		{FBEC3BCD-C947-4F22-A8B8-3F8C2838E2EB}.Debug|Any CPU.ActiveCfg = Debug|Any CPU
		{FBEC3BCD-C947-4F22-A8B8-3F8C2838E2EB}.Debug|Any CPU.Build.0 = Debug|Any CPU
		{FBEC3BCD-C947-4F22-A8B8-3F8C2838E2EB}.Release|Any CPU.ActiveCfg = Release|Any CPU
		{FBEC3BCD-C947-4F22-A8B8-3F8C2838E2EB}.Release|Any CPU.Build.0 = Release|Any CPU
		{28FC9119-E71F-4D07-89DC-49231F780F22}.Debug|Any CPU.ActiveCfg = Debug|Any CPU
		{28FC9119-E71F-4D07-89DC-49231F780F22}.Debug|Any CPU.Build.0 = Debug|Any CPU
		{28FC9119-E71F-4D07-89DC-49231F780F22}.Release|Any CPU.ActiveCfg = Release|Any CPU
		{28FC9119-E71F-4D07-89DC-49231F780F22}.Release|Any CPU.Build.0 = Release|Any CPU
	EndGlobalSection
EndGlobal
